
Microsoft Visual Studio Solution File, Format Version 12.00
# Visual Studio 15
VisualStudioVersion = 15.0.27130.0
MinimumVisualStudioVersion = 10.0.40219.1
Project("{9A19103F-16F7-4668-BE54-9A1E7A4F7556}") = "API.NetCore", "API.NetCore\API.NetCore.csproj", "{8E2B4EF3-7F44-4FA4-AEBD-D8829EF83A60}"
EndProject
Project("{9A19103F-16F7-4668-BE54-9A1E7A4F7556}") = "TestaCache.NetStandard", "TestaCache.NetStandard\TestaCache.NetStandard.csproj", "{FF2CF75B-9EA2-46DA-9618-23A576F8D43C}"
EndProject
Global
	GlobalSection(SolutionConfigurationPlatforms) = preSolution
		Debug|Any CPU = Debug|Any CPU
		Release|Any CPU = Release|Any CPU
	EndGlobalSection
	GlobalSection(ProjectConfigurationPlatforms) = postSolution
		{8E2B4EF3-7F44-4FA4-AEBD-D8829EF83A60}.Debug|Any CPU.ActiveCfg = Debug|Any CPU
		{8E2B4EF3-7F44-4FA4-AEBD-D8829EF83A60}.Debug|Any CPU.Build.0 = Debug|Any CPU
		{8E2B4EF3-7F44-4FA4-AEBD-D8829EF83A60}.Release|Any CPU.ActiveCfg = Release|Any CPU
		{8E2B4EF3-7F44-4FA4-AEBD-D8829EF83A60}.Release|Any CPU.Build.0 = Release|Any CPU
		{FF2CF75B-9EA2-46DA-9618-23A576F8D43C}.Debug|Any CPU.ActiveCfg = Debug|Any CPU
		{FF2CF75B-9EA2-46DA-9618-23A576F8D43C}.Debug|Any CPU.Build.0 = Debug|Any CPU
		{FF2CF75B-9EA2-46DA-9618-23A576F8D43C}.Release|Any CPU.ActiveCfg = Release|Any CPU
		{FF2CF75B-9EA2-46DA-9618-23A576F8D43C}.Release|Any CPU.Build.0 = Release|Any CPU
	EndGlobalSection
	GlobalSection(SolutionProperties) = preSolution
		HideSolutionNode = FALSE
	EndGlobalSection
	GlobalSection(ExtensibilityGlobals) = postSolution
		SolutionGuid = {7173288F-2370-4CB8-B8E2-FC4EA585BB77}
	EndGlobalSection
EndGlobal
